
Microsoft Visual Studio Solution File, Format Version 12.00
# Visual Studio Version 17
VisualStudioVersion = 17.13.35825.156 d17.13
MinimumVisualStudioVersion = 10.0.40219.1
Project("{FAE04EC0-301F-11D3-BF4B-00C04F79EFBC}") = "API_Proj", "API_Proj\API_Proj.csproj", "{ACD6A0B0-DC2E-4A86-B977-B64DBE934509}"
EndProject
Global
	GlobalSection(SolutionConfigurationPlatforms) = preSolution
		Debug|Any CPU = Debug|Any CPU
		Release|Any CPU = Release|Any CPU
	EndGlobalSection
	GlobalSection(ProjectConfigurationPlatforms) = postSolution
		{ACD6A0B0-DC2E-4A86-B977-B64DBE934509}.Debug|Any CPU.ActiveCfg = Debug|Any CPU
		{ACD6A0B0-DC2E-4A86-B977-B64DBE934509}.Debug|Any CPU.Build.0 = Debug|Any CPU
		{ACD6A0B0-DC2E-4A86-B977-B64DBE934509}.Release|Any CPU.ActiveCfg = Release|Any CPU
		{ACD6A0B0-DC2E-4A86-B977-B64DBE934509}.Release|Any CPU.Build.0 = Release|Any CPU
	EndGlobalSection
	GlobalSection(SolutionProperties) = preSolution
		HideSolutionNode = FALSE
	EndGlobalSection
	GlobalSection(ExtensibilityGlobals) = postSolution
		SolutionGuid = {EB3BA7F8-ACBA-4F71-AE8F-B7336A7D4C58}
	EndGlobalSection
EndGlobal
